
Microsoft Visual Studio Solution File, Format Version 12.00
# Visual Studio Version 16
VisualStudioVersion = 16.0.29609.76
MinimumVisualStudioVersion = 10.0.40219.1
Project("{FAE04EC0-301F-11D3-BF4B-00C04F79EFBC}") = "ZSKD.Indelb.ReciveBill", "ZSKD.Indelb.ReciveBill\ZSKD.Indelb.ReciveBill.csproj", "{CBD8D7D0-3799-4CB6-828C-473151C6FA1A}"
EndProject
Project("{2150E333-8FDC-42A3-9474-1A3956D46DE8}") = "Python", "Python", "{1682A92A-02F9-4E63-AFDE-CF2A4DFF21A2}"
	ProjectSection(SolutionItems) = preProject
		生产订单保存后生成PI号.py = 生产订单保存后生成PI号.py
		送货计划单表单插件.py = 送货计划单表单插件.py
		采购回货计划表元数据表单插件（动态表单）.py = 采购回货计划表元数据表单插件（动态表单）.py
		采购回货计划表表单插件（动态表单）.py = 采购回货计划表表单插件（动态表单）.py
	EndProjectSection
EndProject
Global
	GlobalSection(SolutionConfigurationPlatforms) = preSolution
		Debug|Any CPU = Debug|Any CPU
		Release|Any CPU = Release|Any CPU
	EndGlobalSection
	GlobalSection(ProjectConfigurationPlatforms) = postSolution
		{CBD8D7D0-3799-4CB6-828C-473151C6FA1A}.Debug|Any CPU.ActiveCfg = Debug|Any CPU
		{CBD8D7D0-3799-4CB6-828C-473151C6FA1A}.Debug|Any CPU.Build.0 = Debug|Any CPU
		{CBD8D7D0-3799-4CB6-828C-473151C6FA1A}.Release|Any CPU.ActiveCfg = Release|Any CPU
		{CBD8D7D0-3799-4CB6-828C-473151C6FA1A}.Release|Any CPU.Build.0 = Release|Any CPU
	EndGlobalSection
	GlobalSection(SolutionProperties) = preSolution
		HideSolutionNode = FALSE
	EndGlobalSection
	GlobalSection(ExtensibilityGlobals) = postSolution
		SolutionGuid = {512D1BAE-E52E-4753-A8A9-B253C82F7E57}
	EndGlobalSection
EndGlobal
